// !$*UTF8*$!
{
	archiveVersion = 1;
	classes = {
	};
	objectVersion = 50;
	objects = {

/* Begin PBXBuildFile section */
		AA2981A321ED697A0084812E /* AppDelegate.swift in Sources */ = {isa = PBXBuildFile; fileRef = AA2981A221ED697A0084812E /* AppDelegate.swift */; };
		AA2981A521ED697A0084812E /* ViewController.swift in Sources */ = {isa = PBXBuildFile; fileRef = AA2981A421ED697A0084812E /* ViewController.swift */; };
		AA2981A821ED697A0084812E /* Main.storyboard in Resources */ = {isa = PBXBuildFile; fileRef = AA2981A621ED697A0084812E /* Main.storyboard */; };
		AA2981AA21ED697B0084812E /* Assets.xcassets in Resources */ = {isa = PBXBuildFile; fileRef = AA2981A921ED697B0084812E /* Assets.xcassets */; };
		AA2981AD21ED697B0084812E /* LaunchScreen.storyboard in Resources */ = {isa = PBXBuildFile; fileRef = AA2981AB21ED697B0084812E /* LaunchScreen.storyboard */; };
		AA2981B621ED6A7B0084812E /* Delegate.swift in Sources */ = {isa = PBXBuildFile; fileRef = AA2981B421ED6A7B0084812E /* Delegate.swift */; };
		AA2981B721ED6A7B0084812E /* DataSource.swift in Sources */ = {isa = PBXBuildFile; fileRef = AA2981B521ED6A7B0084812E /* DataSource.swift */; };
		AA2981B921ED6B5D0084812E /* CollectionViewCell.swift in Sources */ = {isa = PBXBuildFile; fileRef = AA2981B821ED6B5C0084812E /* CollectionViewCell.swift */; };
/* End PBXBuildFile section */

/* Begin PBXFileReference section */
		AA29819F21ED697A0084812E /* AppStoreHorizontalScrollView.app */ = {isa = PBXFileReference; explicitFileType = wrapper.application; includeInIndex = 0; path = AppStoreHorizontalScrollView.app; sourceTree = BUILT_PRODUCTS_DIR; };
		AA2981A221ED697A0084812E /* AppDelegate.swift */ = {isa = PBXFileReference; lastKnownFileType = sourcecode.swift; path = AppDelegate.swift; sourceTree = "<group>"; };
		AA2981A421ED697A0084812E /* ViewController.swift */ = {isa = PBXFileReference; lastKnownFileType = sourcecode.swift; path = ViewController.swift; sourceTree = "<group>"; };
		AA2981A721ED697A0084812E /* Base */ = {isa = PBXFileReference; lastKnownFileType = file.storyboard; name = Base; path = Base.lproj/Main.storyboard; sourceTree = "<group>"; };
		AA2981A921ED697B0084812E /* Assets.xcassets */ = {isa = PBXFileReference; lastKnownFileType = folder.assetcatalog; path = Assets.xcassets; sourceTree = "<group>"; };
		AA2981AC21ED697B0084812E /* Base */ = {isa = PBXFileReference; lastKnownFileType = file.storyboard; name = Base; path = Base.lproj/LaunchScreen.storyboard; sourceTree = "<group>"; };
		AA2981AE21ED697B0084812E /* Info.plist */ = {isa = PBXFileReference; lastKnownFileType = text.plist.xml; path = Info.plist; sourceTree = "<group>"; };
		AA2981B421ED6A7B0084812E /* Delegate.swift */ = {isa = PBXFileReference; fileEncoding = 4; lastKnownFileType = sourcecode.swift; path = Delegate.swift; sourceTree = "<group>"; };
		AA2981B521ED6A7B0084812E /* DataSource.swift */ = {isa = PBXFileReference; fileEncoding = 4; lastKnownFileType = sourcecode.swift; path = DataSource.swift; sourceTree = "<group>"; };
		AA2981B821ED6B5C0084812E /* CollectionViewCell.swift */ = {isa = PBXFileReference; fileEncoding = 4; lastKnownFileType = sourcecode.swift; path = CollectionViewCell.swift; sourceTree = "<group>"; };
/* End PBXFileReference section */

/* Begin PBXFrameworksBuildPhase section */
		AA29819C21ED697A0084812E /* Frameworks */ = {
			isa = PBXFrameworksBuildPhase;
			buildActionMask = 2147483647;
			files = (
			);
			runOnlyForDeploymentPostprocessing = 0;
		};
/* End PBXFrameworksBuildPhase section */

/* Begin PBXGroup section */
		AA29819621ED697A0084812E = {
			isa = PBXGroup;
			children = (
				AA2981A121ED697A0084812E /* AppStoreHorizontalScrollView */,
				AA2981A021ED697A0084812E /* Products */,
			);
			sourceTree = "<group>";
		};
		AA2981A021ED697A0084812E /* Products */ = {
			isa = PBXGroup;
			children = (
				AA29819F21ED697A0084812E /* AppStoreHorizontalScrollView.app */,
			);
			name = Products;
			sourceTree = "<group>";
		};
		AA2981A121ED697A0084812E /* AppStoreHorizontalScrollView */ = {
			isa = PBXGroup;
			children = (
				AA2981A221ED697A0084812E /* AppDelegate.swift */,
				AA2981A421ED697A0084812E /* ViewController.swift */,
				AA2981B521ED6A7B0084812E /* DataSource.swift */,
				AA2981B421ED6A7B0084812E /* Delegate.swift */,
				AA2981B821ED6B5C0084812E /* CollectionViewCell.swift */,
				AA2981A621ED697A0084812E /* Main.storyboard */,
				AA2981A921ED697B0084812E /* Assets.xcassets */,
				AA2981AB21ED697B0084812E /* LaunchScreen.storyboard */,
				AA2981AE21ED697B0084812E /* Info.plist */,
			);
			path = AppStoreHorizontalScrollView;
			sourceTree = "<group>";
		};
/* End PBXGroup section */

/* Begin PBXNativeTarget section */
		AA29819E21ED697A0084812E /* AppStoreHorizontalScrollView */ = {
			isa = PBXNativeTarget;
			buildConfigurationList = AA2981B121ED697B0084812E /* Build configuration list for PBXNativeTarget "AppStoreHorizontalScrollView" */;
			buildPhases = (
				AA29819B21ED697A0084812E /* Sources */,
				AA29819C21ED697A0084812E /* Frameworks */,
				AA29819D21ED697A0084812E /* Resources */,
			);
			buildRules = (
			);
			dependencies = (
			);
			name = AppStoreHorizontalScrollView;
			productName = AppStoreHorizontalScrollView;
			productReference = AA29819F21ED697A0084812E /* AppStoreHorizontalScrollView.app */;
			productType = "com.apple.product-type.application";
		};
/* End PBXNativeTarget section */

/* Begin PBXProject section */
		AA29819721ED697A0084812E /* Project object */ = {
			isa = PBXProject;
			attributes = {
				LastSwiftUpdateCheck = 1010;
				LastUpgradeCheck = 1010;
				ORGANIZATIONNAME = BrainTools;
				TargetAttributes = {
					AA29819E21ED697A0084812E = {
						CreatedOnToolsVersion = 10.1;
					};
				};
			};
			buildConfigurationList = AA29819A21ED697A0084812E /* Build configuration list for PBXProject "AppStoreHorizontalScrollView" */;
			compatibilityVersion = "Xcode 9.3";
			developmentRegion = en;
			hasScannedForEncodings = 0;
			knownRegions = (
				en,
				Base,
			);
			mainGroup = AA29819621ED697A0084812E;
			productRefGroup = AA2981A021ED697A0084812E /* Products */;
			projectDirPath = "";
			projectRoot = "";
			targets = (
				AA29819E21ED697A0084812E /* AppStoreHorizontalScrollView */,
			);
		};
/* End PBXProject section */

/* Begin PBXResourcesBuildPhase section */
		AA29819D21ED697A0084812E /* Resources */ = {
			isa = PBXResourcesBuildPhase;
			buildActionMask = 2147483647;
			files = (
				AA2981AD21ED697B0084812E /* LaunchScreen.storyboard in Resources */,
				AA2981AA21ED697B0084812E /* Assets.xcassets in Resources */,
				AA2981A821ED697A0084812E /* Main.storyboard in Resources */,
			);
			runOnlyForDeploymentPostprocessing = 0;
		};
/* End PBXResourcesBuildPhase section */

/* Begin PBXSourcesBuildPhase section */
		AA29819B21ED697A0084812E /* Sources */ = {
			isa = PBXSourcesBuildPhase;
			buildActionMask = 2147483647;
			files = (
				AA2981A521ED697A0084812E /* ViewController.swift in Sources */,
				AA2981B921ED6B5D0084812E /* CollectionViewCell.swift in Sources */,
				AA2981B721ED6A7B0084812E /* DataSource.swift in Sources */,
				AA2981A321ED697A0084812E /* AppDelegate.swift in Sources */,
				AA2981B621ED6A7B0084812E /* Delegate.swift in Sources */,
			);
			runOnlyForDeploymentPostprocessing = 0;
		};
/* End PBXSourcesBuildPhase section */

/* Begin PBXVariantGroup section */
		AA2981A621ED697A0084812E /* Main.storyboard */ = {
			isa = PBXVariantGroup;
			children = (
				AA2981A721ED697A0084812E /* Base */,
			);
			name = Main.storyboard;
			sourceTree = "<group>";
		};
		AA2981AB21ED697B0084812E /* LaunchScreen.storyboard */ = {
			isa = PBXVariantGroup;
			children = (
				AA2981AC21ED697B0084812E /* Base */,
			);
			name = LaunchScreen.storyboard;
			sourceTree = "<group>";
		};
/* End PBXVariantGroup section */

/* Begin XCBuildConfiguration section */
		AA2981AF21ED697B0084812E /* Debug */ = {
			isa = XCBuildConfiguration;
			buildSettings = {
				ALWAYS_SEARCH_USER_PATHS = NO;
				CLANG_ANALYZER_NONNULL = YES;
				CLANG_ANALYZER_NUMBER_OBJECT_CONVERSION = YES_AGGRESSIVE;
				CLANG_CXX_LANGUAGE_STANDARD = "gnu++14";
				CLANG_CXX_LIBRARY = "libc++";
				CLANG_ENABLE_MODULES = YES;
				CLANG_ENABLE_OBJC_ARC = YES;
				CLANG_ENABLE_OBJC_WEAK = YES;
				CLANG_WARN_BLOCK_CAPTURE_AUTORELEASING = YES;
				CLANG_WARN_BOOL_CONVERSION = YES;
				CLANG_WARN_COMMA = YES;
				CLANG_WARN_CONSTANT_CONVERSION = YES;
				CLANG_WARN_DEPRECATED_OBJC_IMPLEMENTATIONS = YES;
				CLANG_WARN_DIRECT_OBJC_ISA_USAGE = YES_ERROR;
				CLANG_WARN_DOCUMENTATION_COMMENTS = YES;
				CLANG_WARN_EMPTY_BODY = YES;
				CLANG_WARN_ENUM_CONVERSION = YES;
				CLANG_WARN_INFINITE_RECURSION = YES;
				CLANG_WARN_INT_CONVERSION = YES;
				CLANG_WARN_NON_LITERAL_NULL_CONVERSION = YES;
				CLANG_WARN_OBJC_IMPLICIT_RETAIN_SELF = YES;
				CLANG_WARN_OBJC_LITERAL_CONVERSION = YES;
				CLANG_WARN_OBJC_ROOT_CLASS = YES_ERROR;
				CLANG_WARN_RANGE_LOOP_ANALYSIS = YES;
				CLANG_WARN_STRICT_PROTOTYPES = YES;
				CLANG_WARN_SUSPICIOUS_MOVE = YES;
				CLANG_WARN_UNGUARDED_AVAILABILITY = YES_AGGRESSIVE;
				CLANG_WARN_UNREACHABLE_CODE = YES;
				CLANG_WARN__DUPLICATE_METHOD_MATCH = YES;
				CODE_SIGN_IDENTITY = "iPhone Developer";
				COPY_PHASE_STRIP = NO;
				DEBUG_INFORMATION_FORMAT = dwarf;
				ENABLE_STRICT_OBJC_MSGSEND = YES;
				ENABLE_TESTABILITY = YES;
				GCC_C_LANGUAGE_STANDARD = gnu11;
				GCC_DYNAMIC_NO_PIC = NO;
				GCC_NO_COMMON_BLOCKS = YES;
				GCC_OPTIMIZATION_LEVEL = 0;
				GCC_PREPROCESSOR_DEFINITIONS = (
					"DEBUG=1",
					"$(inherited)",
				);
				GCC_WARN_64_TO_32_BIT_CONVERSION = YES;
				GCC_WARN_ABOUT_RETURN_TYPE = YES_ERROR;
				GCC_WARN_UNDECLARED_SELECTOR = YES;
				GCC_WARN_UNINITIALIZED_AUTOS = YES_AGGRESSIVE;
				GCC_WARN_UNUSED_FUNCTION = YES;
				GCC_WARN_UNUSED_VARIABLE = YES;
				IPHONEOS_DEPLOYMENT_TARGET = 12.1;
				MTL_ENABLE_DEBUG_INFO = INCLUDE_SOURCE;
				MTL_FAST_MATH = YES;
				ONLY_ACTIVE_ARCH = YES;
				SDKROOT = iphoneos;
				SWIFT_ACTIVE_COMPILATION_CONDITIONS = DEBUG;
				SWIFT_OPTIMIZATION_LEVEL = "-Onone";
			};
			name = Debug;
		};
		AA2981B021ED697B0084812E /* Release */ = {
			isa = XCBuildConfiguration;
			buildSettings = {
				ALWAYS_SEARCH_USER_PATHS = NO;
				CLANG_ANALYZER_NONNULL = YES;
				CLANG_ANALYZER_NUMBER_OBJECT_CONVERSION = YES_AGGRESSIVE;
				CLANG_CXX_LANGUAGE_STANDARD = "gnu++14";
				CLANG_CXX_LIBRARY = "libc++";
				CLANG_ENABLE_MODULES = YES;
				CLANG_ENABLE_OBJC_ARC = YES;
				CLANG_ENABLE_OBJC_WEAK = YES;
				CLANG_WARN_BLOCK_CAPTURE_AUTORELEASING = YES;
				CLANG_WARN_BOOL_CONVERSION = YES;
				CLANG_WARN_COMMA = YES;
				CLANG_WARN_CONSTANT_CONVERSION = YES;
				CLANG_WARN_DEPRECATED_OBJC_IMPLEMENTATIONS = YES;
				CLANG_WARN_DIRECT_OBJC_ISA_USAGE = YES_ERROR;
				CLANG_WARN_DOCUMENTATION_COMMENTS = YES;
				CLANG_WARN_EMPTY_BODY = YES;
				CLANG_WARN_ENUM_CONVERSION = YES;
				CLANG_WARN_INFINITE_RECURSION = YES;
				CLANG_WARN_INT_CONVERSION = YES;
				CLANG_WARN_NON_LITERAL_NULL_CONVERSION = YES;
				CLANG_WARN_OBJC_IMPLICIT_RETAIN_SELF = YES;
				CLANG_WARN_OBJC_LITERAL_CONVERSION = YES;
				CLANG_WARN_OBJC_ROOT_CLASS = YES_ERROR;
				CLANG_WARN_RANGE_LOOP_ANALYSIS = YES;
				CLANG_WARN_STRICT_PROTOTYPES = YES;
				CLANG_WARN_SUSPICIOUS_MOVE = YES;
				CLANG_WARN_UNGUARDED_AVAILABILITY = YES_AGGRESSIVE;
				CLANG_WARN_UNREACHABLE_CODE = YES;
				CLANG_WARN__DUPLICATE_METHOD_MATCH = YES;
				CODE_SIGN_IDENTITY = "iPhone Developer";
				COPY_PHASE_STRIP = NO;
				DEBUG_INFORMATION_FORMAT = "dwarf-with-dsym";
				ENABLE_NS_ASSERTIONS = NO;
				ENABLE_STRICT_OBJC_MSGSEND = YES;
				GCC_C_LANGUAGE_STANDARD = gnu11;
				GCC_NO_COMMON_BLOCKS = YES;
				GCC_WARN_64_TO_32_BIT_CONVERSION = YES;
				GCC_WARN_ABOUT_RETURN_TYPE = YES_ERROR;
				GCC_WARN_UNDECLARED_SELECTOR = YES;
				GCC_WARN_UNINITIALIZED_AUTOS = YES_AGGRESSIVE;
				GCC_WARN_UNUSED_FUNCTION = YES;
				GCC_WARN_UNUSED_VARIABLE = YES;
				IPHONEOS_DEPLOYMENT_TARGET = 12.1;
				MTL_ENABLE_DEBUG_INFO = NO;
				MTL_FAST_MATH = YES;
				SDKROOT = iphoneos;
				SWIFT_COMPILATION_MODE = wholemodule;
				SWIFT_OPTIMIZATION_LEVEL = "-O";
				VALIDATE_PRODUCT = YES;
			};
			name = Release;
		};
		AA2981B221ED697B0084812E /* Debug */ = {
			isa = XCBuildConfiguration;
			buildSettings = {
				ASSETCATALOG_COMPILER_APPICON_NAME = AppIcon;
				CODE_SIGN_STYLE = Automatic;
				DEVELOPMENT_TEAM = 68B4J5F23V;
				INFOPLIST_FILE = AppStoreHorizontalScrollView/Info.plist;
				LD_RUNPATH_SEARCH_PATHS = (
					"$(inherited)",
					"@executable_path/Frameworks",
				);
				PRODUCT_BUNDLE_IDENTIFIER = com.braintools.AppStoreHorizontalScrollView;
				PRODUCT_NAME = "$(TARGET_NAME)";
				SWIFT_VERSION = 4.2;
				TARGETED_DEVICE_FAMILY = "1,2";
			};
			name = Debug;
		};
		AA2981B321ED697B0084812E /* Release */ = {
			isa = XCBuildConfiguration;
			buildSettings = {
				ASSETCATALOG_COMPILER_APPICON_NAME = AppIcon;
				CODE_SIGN_STYLE = Automatic;
				DEVELOPMENT_TEAM = 68B4J5F23V;
				INFOPLIST_FILE = AppStoreHorizontalScrollView/Info.plist;
				LD_RUNPATH_SEARCH_PATHS = (
					"$(inherited)",
					"@executable_path/Frameworks",
				);
				PRODUCT_BUNDLE_IDENTIFIER = com.braintools.AppStoreHorizontalScrollView;
				PRODUCT_NAME = "$(TARGET_NAME)";
				SWIFT_VERSION = 4.2;
				TARGETED_DEVICE_FAMILY = "1,2";
			};
			name = Release;
		};
/* End XCBuildConfiguration section */

/* Begin XCConfigurationList section */
		AA29819A21ED697A0084812E /* Build configuration list for PBXProject "AppStoreHorizontalScrollView" */ = {
			isa = XCConfigurationList;
			buildConfigurations = (
				AA2981AF21ED697B0084812E /* Debug */,
				AA2981B021ED697B0084812E /* Release */,
			);
			defaultConfigurationIsVisible = 0;
			defaultConfigurationName = Release;
		};
		AA2981B121ED697B0084812E /* Build configuration list for PBXNativeTarget "AppStoreHorizontalScrollView" */ = {
			isa = XCConfigurationList;
			buildConfigurations = (
				AA2981B221ED697B0084812E /* Debug */,
				AA2981B321ED697B0084812E /* Release */,
			);
			defaultConfigurationIsVisible = 0;
			defaultConfigurationName = Release;
		};
/* End XCConfigurationList section */
	};
	rootObject = AA29819721ED697A0084812E /* Project object */;
}
